
Microsoft Visual Studio Solution File, Format Version 12.00
# Visual Studio Version 17
VisualStudioVersion = 17.0.31903.59
MinimumVisualStudioVersion = 10.0.40219.1
Project("{2150E333-8FDC-42A3-9474-1A3956D46DE8}") = "src", "src", "{827E0CD3-B72D-47B6-A68D-7590B98EB39B}"
EndProject
Project("{FAE04EC0-301F-11D3-BF4B-00C04F79EFBC}") = "Upmatches.Api", "src\Upmatches.Api\Upmatches.Api.csproj", "{6C2E18A1-8CAC-4284-8576-3A68A0BC85E1}"
EndProject
Project("{FAE04EC0-301F-11D3-BF4B-00C04F79EFBC}") = "Upmatches.Core", "src\Upmatches.Core\Upmatches.Core.csproj", "{6BF030F1-0A7D-48F2-8498-E748F63916D6}"
EndProject
Project("{FAE04EC0-301F-11D3-BF4B-00C04F79EFBC}") = "Upmatches.Application", "src\Upmatches.Application\Upmatches.Application.csproj", "{29754A05-25AC-4E9D-9630-D76B27D90BC5}"
EndProject
Project("{FAE04EC0-301F-11D3-BF4B-00C04F79EFBC}") = "Upmatches.Infrastructure", "src\Upmatches.Infrastructure\Upmatches.Infrastructure.csproj", "{166EBE81-5F7C-41E6-81CD-2EAE5ACA9FD4}"
EndProject
Project("{2150E333-8FDC-42A3-9474-1A3956D46DE8}") = "tests", "tests", "{0AB3BF05-4346-4AA6-1389-037BE0695223}"
EndProject
Project("{FAE04EC0-301F-11D3-BF4B-00C04F79EFBC}") = "Upmatches.Core.Tests", "tests\Upmatches.Core.Tests\Upmatches.Core.Tests.csproj", "{57601DDA-6EBE-4665-B7F0-55FAC01F2D3A}"
EndProject
Project("{FAE04EC0-301F-11D3-BF4B-00C04F79EFBC}") = "Upmatches.Application.Tests", "tests\Upmatches.Application.Tests\Upmatches.Application.Tests.csproj", "{EE3C04B6-70BF-4133-8C73-E25F135B5908}"
EndProject
Project("{FAE04EC0-301F-11D3-BF4B-00C04F79EFBC}") = "Upmatches.IntegrationTests", "tests\Upmatches.IntegrationTests\Upmatches.IntegrationTests.csproj", "{7DD592A3-1679-428A-B937-4FCB879A5AAE}"
EndProject
Global
	GlobalSection(SolutionConfigurationPlatforms) = preSolution
		Debug|Any CPU = Debug|Any CPU
		Debug|x64 = Debug|x64
		Debug|x86 = Debug|x86
		Release|Any CPU = Release|Any CPU
		Release|x64 = Release|x64
		Release|x86 = Release|x86
	EndGlobalSection
	GlobalSection(ProjectConfigurationPlatforms) = postSolution
		{6C2E18A1-8CAC-4284-8576-3A68A0BC85E1}.Debug|Any CPU.ActiveCfg = Debug|Any CPU
		{6C2E18A1-8CAC-4284-8576-3A68A0BC85E1}.Debug|Any CPU.Build.0 = Debug|Any CPU
		{6C2E18A1-8CAC-4284-8576-3A68A0BC85E1}.Debug|x64.ActiveCfg = Debug|Any CPU
		{6C2E18A1-8CAC-4284-8576-3A68A0BC85E1}.Debug|x64.Build.0 = Debug|Any CPU
		{6C2E18A1-8CAC-4284-8576-3A68A0BC85E1}.Debug|x86.ActiveCfg = Debug|Any CPU
		{6C2E18A1-8CAC-4284-8576-3A68A0BC85E1}.Debug|x86.Build.0 = Debug|Any CPU
		{6C2E18A1-8CAC-4284-8576-3A68A0BC85E1}.Release|Any CPU.ActiveCfg = Release|Any CPU
		{6C2E18A1-8CAC-4284-8576-3A68A0BC85E1}.Release|Any CPU.Build.0 = Release|Any CPU
		{6C2E18A1-8CAC-4284-8576-3A68A0BC85E1}.Release|x64.ActiveCfg = Release|Any CPU
		{6C2E18A1-8CAC-4284-8576-3A68A0BC85E1}.Release|x64.Build.0 = Release|Any CPU
		{6C2E18A1-8CAC-4284-8576-3A68A0BC85E1}.Release|x86.ActiveCfg = Release|Any CPU
		{6C2E18A1-8CAC-4284-8576-3A68A0BC85E1}.Release|x86.Build.0 = Release|Any CPU
		{6BF030F1-0A7D-48F2-8498-E748F63916D6}.Debug|Any CPU.ActiveCfg = Debug|Any CPU
		{6BF030F1-0A7D-48F2-8498-E748F63916D6}.Debug|Any CPU.Build.0 = Debug|Any CPU
		{6BF030F1-0A7D-48F2-8498-E748F63916D6}.Debug|x64.ActiveCfg = Debug|Any CPU
		{6BF030F1-0A7D-48F2-8498-E748F63916D6}.Debug|x64.Build.0 = Debug|Any CPU
		{6BF030F1-0A7D-48F2-8498-E748F63916D6}.Debug|x86.ActiveCfg = Debug|Any CPU
		{6BF030F1-0A7D-48F2-8498-E748F63916D6}.Debug|x86.Build.0 = Debug|Any CPU
		{6BF030F1-0A7D-48F2-8498-E748F63916D6}.Release|Any CPU.ActiveCfg = Release|Any CPU
		{6BF030F1-0A7D-48F2-8498-E748F63916D6}.Release|Any CPU.Build.0 = Release|Any CPU
		{6BF030F1-0A7D-48F2-8498-E748F63916D6}.Release|x64.ActiveCfg = Release|Any CPU
		{6BF030F1-0A7D-48F2-8498-E748F63916D6}.Release|x64.Build.0 = Release|Any CPU
		{6BF030F1-0A7D-48F2-8498-E748F63916D6}.Release|x86.ActiveCfg = Release|Any CPU
		{6BF030F1-0A7D-48F2-8498-E748F63916D6}.Release|x86.Build.0 = Release|Any CPU
		{29754A05-25AC-4E9D-9630-D76B27D90BC5}.Debug|Any CPU.ActiveCfg = Debug|Any CPU
		{29754A05-25AC-4E9D-9630-D76B27D90BC5}.Debug|Any CPU.Build.0 = Debug|Any CPU
		{29754A05-25AC-4E9D-9630-D76B27D90BC5}.Debug|x64.ActiveCfg = Debug|Any CPU
		{29754A05-25AC-4E9D-9630-D76B27D90BC5}.Debug|x64.Build.0 = Debug|Any CPU
		{29754A05-25AC-4E9D-9630-D76B27D90BC5}.Debug|x86.ActiveCfg = Debug|Any CPU
		{29754A05-25AC-4E9D-9630-D76B27D90BC5}.Debug|x86.Build.0 = Debug|Any CPU
		{29754A05-25AC-4E9D-9630-D76B27D90BC5}.Release|Any CPU.ActiveCfg = Release|Any CPU
		{29754A05-25AC-4E9D-9630-D76B27D90BC5}.Release|Any CPU.Build.0 = Release|Any CPU
		{29754A05-25AC-4E9D-9630-D76B27D90BC5}.Release|x64.ActiveCfg = Release|Any CPU
		{29754A05-25AC-4E9D-9630-D76B27D90BC5}.Release|x64.Build.0 = Release|Any CPU
		{29754A05-25AC-4E9D-9630-D76B27D90BC5}.Release|x86.ActiveCfg = Release|Any CPU
		{29754A05-25AC-4E9D-9630-D76B27D90BC5}.Release|x86.Build.0 = Release|Any CPU
		{166EBE81-5F7C-41E6-81CD-2EAE5ACA9FD4}.Debug|Any CPU.ActiveCfg = Debug|Any CPU
		{166EBE81-5F7C-41E6-81CD-2EAE5ACA9FD4}.Debug|Any CPU.Build.0 = Debug|Any CPU
		{166EBE81-5F7C-41E6-81CD-2EAE5ACA9FD4}.Debug|x64.ActiveCfg = Debug|Any CPU
		{166EBE81-5F7C-41E6-81CD-2EAE5ACA9FD4}.Debug|x64.Build.0 = Debug|Any CPU
		{166EBE81-5F7C-41E6-81CD-2EAE5ACA9FD4}.Debug|x86.ActiveCfg = Debug|Any CPU
		{166EBE81-5F7C-41E6-81CD-2EAE5ACA9FD4}.Debug|x86.Build.0 = Debug|Any CPU
		{166EBE81-5F7C-41E6-81CD-2EAE5ACA9FD4}.Release|Any CPU.ActiveCfg = Release|Any CPU
		{166EBE81-5F7C-41E6-81CD-2EAE5ACA9FD4}.Release|Any CPU.Build.0 = Release|Any CPU
		{166EBE81-5F7C-41E6-81CD-2EAE5ACA9FD4}.Release|x64.ActiveCfg = Release|Any CPU
		{166EBE81-5F7C-41E6-81CD-2EAE5ACA9FD4}.Release|x64.Build.0 = Release|Any CPU
		{166EBE81-5F7C-41E6-81CD-2EAE5ACA9FD4}.Release|x86.ActiveCfg = Release|Any CPU
		{166EBE81-5F7C-41E6-81CD-2EAE5ACA9FD4}.Release|x86.Build.0 = Release|Any CPU
		{57601DDA-6EBE-4665-B7F0-55FAC01F2D3A}.Debug|Any CPU.ActiveCfg = Debug|Any CPU
		{57601DDA-6EBE-4665-B7F0-55FAC01F2D3A}.Debug|Any CPU.Build.0 = Debug|Any CPU
		{57601DDA-6EBE-4665-B7F0-55FAC01F2D3A}.Debug|x64.ActiveCfg = Debug|Any CPU
		{57601DDA-6EBE-4665-B7F0-55FAC01F2D3A}.Debug|x64.Build.0 = Debug|Any CPU
		{57601DDA-6EBE-4665-B7F0-55FAC01F2D3A}.Debug|x86.ActiveCfg = Debug|Any CPU
		{57601DDA-6EBE-4665-B7F0-55FAC01F2D3A}.Debug|x86.Build.0 = Debug|Any CPU
		{57601DDA-6EBE-4665-B7F0-55FAC01F2D3A}.Release|Any CPU.ActiveCfg = Release|Any CPU
		{57601DDA-6EBE-4665-B7F0-55FAC01F2D3A}.Release|Any CPU.Build.0 = Release|Any CPU
		{57601DDA-6EBE-4665-B7F0-55FAC01F2D3A}.Release|x64.ActiveCfg = Release|Any CPU
		{57601DDA-6EBE-4665-B7F0-55FAC01F2D3A}.Release|x64.Build.0 = Release|Any CPU
		{57601DDA-6EBE-4665-B7F0-55FAC01F2D3A}.Release|x86.ActiveCfg = Release|Any CPU
		{57601DDA-6EBE-4665-B7F0-55FAC01F2D3A}.Release|x86.Build.0 = Release|Any CPU
		{EE3C04B6-70BF-4133-8C73-E25F135B5908}.Debug|Any CPU.ActiveCfg = Debug|Any CPU
		{EE3C04B6-70BF-4133-8C73-E25F135B5908}.Debug|Any CPU.Build.0 = Debug|Any CPU
		{EE3C04B6-70BF-4133-8C73-E25F135B5908}.Debug|x64.ActiveCfg = Debug|Any CPU
		{EE3C04B6-70BF-4133-8C73-E25F135B5908}.Debug|x64.Build.0 = Debug|Any CPU
		{EE3C04B6-70BF-4133-8C73-E25F135B5908}.Debug|x86.ActiveCfg = Debug|Any CPU
		{EE3C04B6-70BF-4133-8C73-E25F135B5908}.Debug|x86.Build.0 = Debug|Any CPU
		{EE3C04B6-70BF-4133-8C73-E25F135B5908}.Release|Any CPU.ActiveCfg = Release|Any CPU
		{EE3C04B6-70BF-4133-8C73-E25F135B5908}.Release|Any CPU.Build.0 = Release|Any CPU
		{EE3C04B6-70BF-4133-8C73-E25F135B5908}.Release|x64.ActiveCfg = Release|Any CPU
		{EE3C04B6-70BF-4133-8C73-E25F135B5908}.Release|x64.Build.0 = Release|Any CPU
		{EE3C04B6-70BF-4133-8C73-E25F135B5908}.Release|x86.ActiveCfg = Release|Any CPU
		{EE3C04B6-70BF-4133-8C73-E25F135B5908}.Release|x86.Build.0 = Release|Any CPU
		{7DD592A3-1679-428A-B937-4FCB879A5AAE}.Debug|Any CPU.ActiveCfg = Debug|Any CPU
		{7DD592A3-1679-428A-B937-4FCB879A5AAE}.Debug|Any CPU.Build.0 = Debug|Any CPU
		{7DD592A3-1679-428A-B937-4FCB879A5AAE}.Debug|x64.ActiveCfg = Debug|Any CPU
		{7DD592A3-1679-428A-B937-4FCB879A5AAE}.Debug|x64.Build.0 = Debug|Any CPU
		{7DD592A3-1679-428A-B937-4FCB879A5AAE}.Debug|x86.ActiveCfg = Debug|Any CPU
		{7DD592A3-1679-428A-B937-4FCB879A5AAE}.Debug|x86.Build.0 = Debug|Any CPU
		{7DD592A3-1679-428A-B937-4FCB879A5AAE}.Release|Any CPU.ActiveCfg = Release|Any CPU
		{7DD592A3-1679-428A-B937-4FCB879A5AAE}.Release|Any CPU.Build.0 = Release|Any CPU
		{7DD592A3-1679-428A-B937-4FCB879A5AAE}.Release|x64.ActiveCfg = Release|Any CPU
		{7DD592A3-1679-428A-B937-4FCB879A5AAE}.Release|x64.Build.0 = Release|Any CPU
		{7DD592A3-1679-428A-B937-4FCB879A5AAE}.Release|x86.ActiveCfg = Release|Any CPU
		{7DD592A3-1679-428A-B937-4FCB879A5AAE}.Release|x86.Build.0 = Release|Any CPU
	EndGlobalSection
	GlobalSection(SolutionProperties) = preSolution
		HideSolutionNode = FALSE
	EndGlobalSection
	GlobalSection(NestedProjects) = preSolution
		{6C2E18A1-8CAC-4284-8576-3A68A0BC85E1} = {827E0CD3-B72D-47B6-A68D-7590B98EB39B}
		{6BF030F1-0A7D-48F2-8498-E748F63916D6} = {827E0CD3-B72D-47B6-A68D-7590B98EB39B}
		{29754A05-25AC-4E9D-9630-D76B27D90BC5} = {827E0CD3-B72D-47B6-A68D-7590B98EB39B}
		{166EBE81-5F7C-41E6-81CD-2EAE5ACA9FD4} = {827E0CD3-B72D-47B6-A68D-7590B98EB39B}
		{57601DDA-6EBE-4665-B7F0-55FAC01F2D3A} = {0AB3BF05-4346-4AA6-1389-037BE0695223}
		{EE3C04B6-70BF-4133-8C73-E25F135B5908} = {0AB3BF05-4346-4AA6-1389-037BE0695223}
		{7DD592A3-1679-428A-B937-4FCB879A5AAE} = {0AB3BF05-4346-4AA6-1389-037BE0695223}
	EndGlobalSection
EndGlobal
